
Microsoft Visual Studio Solution File, Format Version 12.00
# Visual Studio Version 16
VisualStudioVersion = 16.0.30804.86
MinimumVisualStudioVersion = 10.0.40219.1
Project("{9A19103F-16F7-4668-BE54-9A1E7A4F7556}") = "Intsa", "Intsa\Intsa.csproj", "{A575D04C-A395-40DD-B78A-3A75CF460DBF}"
EndProject
Project("{9A19103F-16F7-4668-BE54-9A1E7A4F7556}") = "Intsa.Models", "Intsa.Models\Intsa.Models.csproj", "{13B822E8-3D26-4BB1-8F27-08E0034CA0C7}"
EndProject
Project("{00D1A9C2-B5F0-4AF3-8072-F6C62B433612}") = "Intsa.SqlServer", "Intsa.SqlServer\Intsa.SqlServer.sqlproj", "{66DF6ABE-89A7-4F90-AFFF-D75DA7B4F6F6}"
EndProject
Project("{9A19103F-16F7-4668-BE54-9A1E7A4F7556}") = "Intsa.Models.Tests", "Intsa.Models.Tests\Intsa.Models.Tests.csproj", "{8CC936F9-9C8B-4528-9C1A-C6FFBB9CBAAE}"
EndProject
Project("{2150E333-8FDC-42A3-9474-1A3956D46DE8}") = "WebApi", "WebApi", "{BE95E7B6-2E67-49F6-B00D-642A1F29DE70}"
EndProject
Project("{9A19103F-16F7-4668-BE54-9A1E7A4F7556}") = "Intsa.Apis", "Intsa.Apis\Intsa.Apis.csproj", "{988D1F28-050E-4CF4-992B-41C36B5696D6}"
EndProject
Project("{2150E333-8FDC-42A3-9474-1A3956D46DE8}") = "NuGet", "NuGet", "{CE484D6E-889D-424E-8838-B2BA47F4342D}"
EndProject
Project("{9A19103F-16F7-4668-BE54-9A1E7A4F7556}") = "BlazorInputFile", "BlazorInputFile\BlazorInputFile.csproj", "{5F1403CA-D1B4-474C-8D4C-4888A5F55E14}"
EndProject
Project("{9A19103F-16F7-4668-BE54-9A1E7A4F7556}") = "Cafe.Shared", "Cafe.Shared\Cafe.Shared.csproj", "{D3B911A2-F017-45A2-8A21-B642823C721F}"
EndProject
Global
	GlobalSection(SolutionConfigurationPlatforms) = preSolution
		Debug|Any CPU = Debug|Any CPU
		Release|Any CPU = Release|Any CPU
	EndGlobalSection
	GlobalSection(ProjectConfigurationPlatforms) = postSolution
		{A575D04C-A395-40DD-B78A-3A75CF460DBF}.Debug|Any CPU.ActiveCfg = Debug|Any CPU
		{A575D04C-A395-40DD-B78A-3A75CF460DBF}.Debug|Any CPU.Build.0 = Debug|Any CPU
		{A575D04C-A395-40DD-B78A-3A75CF460DBF}.Release|Any CPU.ActiveCfg = Release|Any CPU
		{A575D04C-A395-40DD-B78A-3A75CF460DBF}.Release|Any CPU.Build.0 = Release|Any CPU
		{13B822E8-3D26-4BB1-8F27-08E0034CA0C7}.Debug|Any CPU.ActiveCfg = Debug|Any CPU
		{13B822E8-3D26-4BB1-8F27-08E0034CA0C7}.Debug|Any CPU.Build.0 = Debug|Any CPU
		{13B822E8-3D26-4BB1-8F27-08E0034CA0C7}.Release|Any CPU.ActiveCfg = Release|Any CPU
		{13B822E8-3D26-4BB1-8F27-08E0034CA0C7}.Release|Any CPU.Build.0 = Release|Any CPU
		{66DF6ABE-89A7-4F90-AFFF-D75DA7B4F6F6}.Debug|Any CPU.ActiveCfg = Debug|Any CPU
		{66DF6ABE-89A7-4F90-AFFF-D75DA7B4F6F6}.Debug|Any CPU.Build.0 = Debug|Any CPU
		{66DF6ABE-89A7-4F90-AFFF-D75DA7B4F6F6}.Debug|Any CPU.Deploy.0 = Debug|Any CPU
		{66DF6ABE-89A7-4F90-AFFF-D75DA7B4F6F6}.Release|Any CPU.ActiveCfg = Release|Any CPU
		{66DF6ABE-89A7-4F90-AFFF-D75DA7B4F6F6}.Release|Any CPU.Build.0 = Release|Any CPU
		{66DF6ABE-89A7-4F90-AFFF-D75DA7B4F6F6}.Release|Any CPU.Deploy.0 = Release|Any CPU
		{8CC936F9-9C8B-4528-9C1A-C6FFBB9CBAAE}.Debug|Any CPU.ActiveCfg = Debug|Any CPU
		{8CC936F9-9C8B-4528-9C1A-C6FFBB9CBAAE}.Debug|Any CPU.Build.0 = Debug|Any CPU
		{8CC936F9-9C8B-4528-9C1A-C6FFBB9CBAAE}.Release|Any CPU.ActiveCfg = Release|Any CPU
		{8CC936F9-9C8B-4528-9C1A-C6FFBB9CBAAE}.Release|Any CPU.Build.0 = Release|Any CPU
		{988D1F28-050E-4CF4-992B-41C36B5696D6}.Debug|Any CPU.ActiveCfg = Debug|Any CPU
		{988D1F28-050E-4CF4-992B-41C36B5696D6}.Debug|Any CPU.Build.0 = Debug|Any CPU
		{988D1F28-050E-4CF4-992B-41C36B5696D6}.Release|Any CPU.ActiveCfg = Release|Any CPU
		{988D1F28-050E-4CF4-992B-41C36B5696D6}.Release|Any CPU.Build.0 = Release|Any CPU
		{5F1403CA-D1B4-474C-8D4C-4888A5F55E14}.Debug|Any CPU.ActiveCfg = Debug|Any CPU
		{5F1403CA-D1B4-474C-8D4C-4888A5F55E14}.Debug|Any CPU.Build.0 = Debug|Any CPU
		{5F1403CA-D1B4-474C-8D4C-4888A5F55E14}.Release|Any CPU.ActiveCfg = Release|Any CPU
		{5F1403CA-D1B4-474C-8D4C-4888A5F55E14}.Release|Any CPU.Build.0 = Release|Any CPU
		{D3B911A2-F017-45A2-8A21-B642823C721F}.Debug|Any CPU.ActiveCfg = Debug|Any CPU
		{D3B911A2-F017-45A2-8A21-B642823C721F}.Debug|Any CPU.Build.0 = Debug|Any CPU
		{D3B911A2-F017-45A2-8A21-B642823C721F}.Release|Any CPU.ActiveCfg = Release|Any CPU
		{D3B911A2-F017-45A2-8A21-B642823C721F}.Release|Any CPU.Build.0 = Release|Any CPU
	EndGlobalSection
	GlobalSection(SolutionProperties) = preSolution
		HideSolutionNode = FALSE
	EndGlobalSection
	GlobalSection(NestedProjects) = preSolution
		{988D1F28-050E-4CF4-992B-41C36B5696D6} = {BE95E7B6-2E67-49F6-B00D-642A1F29DE70}
		{5F1403CA-D1B4-474C-8D4C-4888A5F55E14} = {CE484D6E-889D-424E-8838-B2BA47F4342D}
	EndGlobalSection
	GlobalSection(ExtensibilityGlobals) = postSolution
		SolutionGuid = {5A7E17BA-0B04-4FE6-B1DC-E0AB811C6A12}
	EndGlobalSection
EndGlobal
