
Microsoft Visual Studio Solution File, Format Version 12.00
# Visual Studio Version 16
VisualStudioVersion = 16.0.30804.86
MinimumVisualStudioVersion = 10.0.40219.1
Project("{9A19103F-16F7-4668-BE54-9A1E7A4F7556}") = "Intsa", "Intsa\Intsa.csproj", "{A575D04C-A395-40DD-B78A-3A75CF460DBF}"
EndProject
Global
	GlobalSection(SolutionConfigurationPlatforms) = preSolution
		Debug|Any CPU = Debug|Any CPU
		Release|Any CPU = Release|Any CPU
	EndGlobalSection
	GlobalSection(ProjectConfigurationPlatforms) = postSolution
		{A575D04C-A395-40DD-B78A-3A75CF460DBF}.Debug|Any CPU.ActiveCfg = Debug|Any CPU
		{A575D04C-A395-40DD-B78A-3A75CF460DBF}.Debug|Any CPU.Build.0 = Debug|Any CPU
		{A575D04C-A395-40DD-B78A-3A75CF460DBF}.Release|Any CPU.ActiveCfg = Release|Any CPU
		{A575D04C-A395-40DD-B78A-3A75CF460DBF}.Release|Any CPU.Build.0 = Release|Any CPU
	EndGlobalSection
	GlobalSection(SolutionProperties) = preSolution
		HideSolutionNode = FALSE
	EndGlobalSection
	GlobalSection(ExtensibilityGlobals) = postSolution
		SolutionGuid = {5A7E17BA-0B04-4FE6-B1DC-E0AB811C6A12}
	EndGlobalSection
EndGlobal
